# THIS IS AN AUTOGENERATED FILE. DO NOT EDIT THIS FILE DIRECTLY.
# yarn lockfile v1
abbrev@1, abbrev@1.0.x:
  version "1.0.9"
  resolved "https://registry.yarnpkg.com/abbrev/-/abbrev-1.0.9.tgz#91b4792588a7738c25f35dd6f63752a2f8776135"

amdefine@>=0.0.4:
  version "1.0.1"
  resolved "https://registry.yarnpkg.com/amdefine/-/amdefine-1.0.1.tgz#4a5282ac164729e93619bcfd3ad151f817ce91f5"

argparse@^1.0.7:
  version "1.0.9"
  resolved "https://registry.yarnpkg.com/argparse/-/argparse-1.0.9.tgz#73d83bc263f86e97f8cc4f6bae1b0e90a7d22c86"
  dependencies:
    sprintf-js "~1.0.2"

argsparser@^0.0.6:
  version "0.0.6"
  resolved "https://registry.yarnpkg.com/argsparser/-/argsparser-0.0.6.tgz#ff45eb5b92c004225cf146a51d339dccb265be63"

async@~0.2.6, async@0.2.x:
  version "0.2.10"
  resolved "https://registry.yarnpkg.com/async/-/async-0.2.10.tgz#b6bbe0b0674b9d719708ca38de8c237cb526c3d1"

cli-table@^0.3.0:
  version "0.3.1"
  resolved "https://registry.yarnpkg.com/cli-table/-/cli-table-0.3.1.tgz#f53b05266a8b1a0b934b3d0821e6e2dc5914ae23"
  dependencies:
    colors "1.0.3"

co@^3.0.6:
  version "3.1.0"
  resolved "https://registry.yarnpkg.com/co/-/co-3.1.0.tgz#4ea54ea5a08938153185e15210c68d9092bc1b78"

colors@1.0.3:
  version "1.0.3"
  resolved "https://registry.yarnpkg.com/colors/-/colors-1.0.3.tgz#0433f44d809680fdeb60ed260f1b0c262e82a40b"

escodegen@1.2.x:
  version "1.2.0"
  resolved "https://registry.yarnpkg.com/escodegen/-/escodegen-1.2.0.tgz#09de7967791cc958b7f89a2ddb6d23451af327e1"
  dependencies:
    esprima "~1.0.4"
    estraverse "~1.5.0"
    esutils "~1.0.0"
  optionalDependencies:
    source-map "~0.1.30"

esprima@^2.6.0:
  version "2.7.3"
  resolved "https://registry.yarnpkg.com/esprima/-/esprima-2.7.3.tgz#96e3b70d5779f6ad49cd032673d1c312767ba581"

esprima@~1.0.4:
  version "1.0.4"
  resolved "https://registry.yarnpkg.com/esprima/-/esprima-1.0.4.tgz#9f557e08fc3b4d26ece9dd34f8fbf476b62585ad"

"esprima@git://github.com/ariya/esprima.git#harmony":
  version "1.1.0-dev-harmony"
  resolved "git://github.com/ariya/esprima.git#a65a3eb93b9a5dce9a1184ca2d1bd0b184c6b8fd"

estraverse@~1.5.0:
  version "1.5.1"
  resolved "https://registry.yarnpkg.com/estraverse/-/estraverse-1.5.1.tgz#867a3e8e58a9f84618afb6c2ddbcd916b7cbaf71"

esutils@~1.0.0:
  version "1.0.0"
  resolved "https://registry.yarnpkg.com/esutils/-/esutils-1.0.0.tgz#8151d358e20c8acc7fb745e7472c0025fe496570"

fileset@0.1.x:
  version "0.1.8"
  resolved "https://registry.yarnpkg.com/fileset/-/fileset-0.1.8.tgz#506b91a9396eaa7e32fb42a84077c7a0c736b741"
  dependencies:
    glob "3.x"
    minimatch "0.x"

glob@3.x:
  version "3.2.11"
  resolved "https://registry.yarnpkg.com/glob/-/glob-3.2.11.tgz#4a973f635b9190f715d10987d5c00fd2815ebe3d"
  dependencies:
    inherits "2"
    minimatch "0.3"

handlebars@1.3.x:
  version "1.3.0"
  resolved "https://registry.yarnpkg.com/handlebars/-/handlebars-1.3.0.tgz#9e9b130a93e389491322d975cf3ec1818c37ce34"
  dependencies:
    optimist "~0.3"
  optionalDependencies:
    uglify-js "~2.3"

inherits@2:
  version "2.0.3"
  resolved "https://registry.yarnpkg.com/inherits/-/inherits-2.0.3.tgz#633c2c83e3da42a502f52466022480f4208261de"

"istanbul@https://github.com/gotwarlost/istanbul/tarball/harmony":
  version "0.2.5"
  resolved "https://github.com/gotwarlost/istanbul/tarball/harmony#02dabfd3743b695942d170a809171d3924466331"
  dependencies:
    abbrev "1.0.x"
    async "0.2.x"
    escodegen "1.2.x"
    esprima "git://github.com/ariya/esprima.git#harmony"
    fileset "0.1.x"
    handlebars "1.3.x"
    js-yaml "3.x"
    mkdirp "0.3.x"
    nopt "2.2.x"
    resolve "0.6.x"
    which "1.0.x"
    wordwrap "0.0.x"

js-yaml@3.x:
  version "3.7.0"
  resolved "https://registry.yarnpkg.com/js-yaml/-/js-yaml-3.7.0.tgz#5c967ddd837a9bfdca5f2de84253abe8a1c03b80"
  dependencies:
    argparse "^1.0.7"
    esprima "^2.6.0"

lru-cache@2:
  version "2.7.3"
  resolved "https://registry.yarnpkg.com/lru-cache/-/lru-cache-2.7.3.tgz#6d4524e8b955f95d4f5b58851ce21dd72fb4e952"

minimatch@0.3:
  version "0.3.0"
  resolved "https://registry.yarnpkg.com/minimatch/-/minimatch-0.3.0.tgz#275d8edaac4f1bb3326472089e7949c8394699dd"
  dependencies:
    lru-cache "2"
    sigmund "~1.0.0"

minimatch@0.x:
  version "0.4.0"
  resolved "https://registry.yarnpkg.com/minimatch/-/minimatch-0.4.0.tgz#bd2c7d060d2c8c8fd7cde7f1f2ed2d5b270fdb1b"
  dependencies:
    lru-cache "2"
    sigmund "~1.0.0"

mkdirp@0.3.x:
  version "0.3.5"
  resolved "https://registry.yarnpkg.com/mkdirp/-/mkdirp-0.3.5.tgz#de3e5f8961c88c787ee1368df849ac4413eca8d7"

nopt@2.2.x:
  version "2.2.1"
  resolved "https://registry.yarnpkg.com/nopt/-/nopt-2.2.1.tgz#2aa09b7d1768487b3b89a9c5aa52335bff0baea7"
  dependencies:
    abbrev "1"

optimist@~0.3, optimist@~0.3.5:
  version "0.3.7"
  resolved "https://registry.yarnpkg.com/optimist/-/optimist-0.3.7.tgz#c90941ad59e4273328923074d2cf2e7cbc6ec0d9"
  dependencies:
    wordwrap "~0.0.2"

qunit@^0.9.1:
  version "0.9.1"
  resolved "https://registry.yarnpkg.com/qunit/-/qunit-0.9.1.tgz#a985244d140fa5715c1b88b42dc4ebed8519a265"
  dependencies:
    argsparser "^0.0.6"
    cli-table "^0.3.0"
    co "^3.0.6"
    qunitjs "1.10.0"
    tracejs "^0.1.8"
    underscore "^1.6.0"
  optionalDependencies:
    istanbul "https://github.com/gotwarlost/istanbul/tarball/harmony"

qunitjs@1.10.0:
  version "1.10.0"
  resolved "https://registry.yarnpkg.com/qunitjs/-/qunitjs-1.10.0.tgz#a01918dad03476557254f40bc02a2fc66d76af78"

resolve@0.6.x:
  version "0.6.3"
  resolved "https://registry.yarnpkg.com/resolve/-/resolve-0.6.3.tgz#dd957982e7e736debdf53b58a4dd91754575dd46"

sigmund@~1.0.0:
  version "1.0.1"
  resolved "https://registry.yarnpkg.com/sigmund/-/sigmund-1.0.1.tgz#3ff21f198cad2175f9f3b781853fd94d0d19b590"

source-map@~0.1.30, source-map@~0.1.7:
  version "0.1.43"
  resolved "https://registry.yarnpkg.com/source-map/-/source-map-0.1.43.tgz#c24bc146ca517c1471f5dacbe2571b2b7f9e3346"
  dependencies:
    amdefine ">=0.0.4"

sprintf-js@~1.0.2:
  version "1.0.3"
  resolved "https://registry.yarnpkg.com/sprintf-js/-/sprintf-js-1.0.3.tgz#04e6926f662895354f3dd015203633b857297e2c"

tracejs@^0.1.8:
  version "0.1.8"
  resolved "https://registry.yarnpkg.com/tracejs/-/tracejs-0.1.8.tgz#6c26787b1853f1371634622c1c80bc44026c5d70"

uglify-js@~2.3:
  version "2.3.6"
  resolved "https://registry.yarnpkg.com/uglify-js/-/uglify-js-2.3.6.tgz#fa0984770b428b7a9b2a8058f46355d14fef211a"
  dependencies:
    async "~0.2.6"
    optimist "~0.3.5"
    source-map "~0.1.7"

underscore@^1.6.0:
  version "1.8.3"
  resolved "https://registry.yarnpkg.com/underscore/-/underscore-1.8.3.tgz#4f3fb53b106e6097fcf9cb4109f2a5e9bdfa5022"

which@1.0.x:
  version "1.0.9"
  resolved "https://registry.yarnpkg.com/which/-/which-1.0.9.tgz#460c1da0f810103d0321a9b633af9e575e64486f"

wordwrap@~0.0.2, wordwrap@0.0.x:
  version "0.0.3"
  resolved "https://registry.yarnpkg.com/wordwrap/-/wordwrap-0.0.3.tgz#a3d5da6cd5c0bc0008d37234bbaf1bed63059107"

